
Microsoft Visual Studio Solution File, Format Version 12.00
Project("{FAE04EC0-301F-11D3-BF4B-00C04F79EFBC}") = "APBD_zaj5", "APBD_zaj5.csproj", "{B1B177B5-C771-47B8-94E3-D48977D24C29}"
EndProject
Global
	GlobalSection(SolutionConfigurationPlatforms) = preSolution
		Debug|Any CPU = Debug|Any CPU
		Release|Any CPU = Release|Any CPU
	EndGlobalSection
	GlobalSection(ProjectConfigurationPlatforms) = postSolution
		{B1B177B5-C771-47B8-94E3-D48977D24C29}.Debug|Any CPU.ActiveCfg = Debug|Any CPU
		{B1B177B5-C771-47B8-94E3-D48977D24C29}.Debug|Any CPU.Build.0 = Debug|Any CPU
		{B1B177B5-C771-47B8-94E3-D48977D24C29}.Release|Any CPU.ActiveCfg = Release|Any CPU
		{B1B177B5-C771-47B8-94E3-D48977D24C29}.Release|Any CPU.Build.0 = Release|Any CPU
	EndGlobalSection
EndGlobal
